
Microsoft Visual Studio Solution File, Format Version 12.00
# Visual Studio Version 17
VisualStudioVersion = 17.14.36408.4 d17.14
MinimumVisualStudioVersion = 10.0.40219.1
Project("{FAE04EC0-301F-11D3-BF4B-00C04F79EFBC}") = "Double_Linkedlist.UI", "Double_Linkedlist.UI\Double_Linkedlist.UI.csproj", "{318BBC88-CBD5-425E-B3DC-259780CAD7CD}"
EndProject
Project("{FAE04EC0-301F-11D3-BF4B-00C04F79EFBC}") = "Double_Linkedlist.Logic", "Double_Linkedlist.Logic\Double_Linkedlist.Logic.csproj", "{A5332EED-B863-4FA6-8142-8F7E414C50EE}"
EndProject
Global
	GlobalSection(SolutionConfigurationPlatforms) = preSolution
		Debug|Any CPU = Debug|Any CPU
		Release|Any CPU = Release|Any CPU
	EndGlobalSection
	GlobalSection(ProjectConfigurationPlatforms) = postSolution
		{318BBC88-CBD5-425E-B3DC-259780CAD7CD}.Debug|Any CPU.ActiveCfg = Debug|Any CPU
		{318BBC88-CBD5-425E-B3DC-259780CAD7CD}.Debug|Any CPU.Build.0 = Debug|Any CPU
		{318BBC88-CBD5-425E-B3DC-259780CAD7CD}.Release|Any CPU.ActiveCfg = Release|Any CPU
		{318BBC88-CBD5-425E-B3DC-259780CAD7CD}.Release|Any CPU.Build.0 = Release|Any CPU
		{A5332EED-B863-4FA6-8142-8F7E414C50EE}.Debug|Any CPU.ActiveCfg = Debug|Any CPU
		{A5332EED-B863-4FA6-8142-8F7E414C50EE}.Debug|Any CPU.Build.0 = Debug|Any CPU
		{A5332EED-B863-4FA6-8142-8F7E414C50EE}.Release|Any CPU.ActiveCfg = Release|Any CPU
		{A5332EED-B863-4FA6-8142-8F7E414C50EE}.Release|Any CPU.Build.0 = Release|Any CPU
	EndGlobalSection
	GlobalSection(SolutionProperties) = preSolution
		HideSolutionNode = FALSE
	EndGlobalSection
	GlobalSection(ExtensibilityGlobals) = postSolution
		SolutionGuid = {3D7FBB33-48F4-4366-95EF-78A14C7BAC48}
	EndGlobalSection
EndGlobal
